{"format_version":"1.2","terraform_version":"1.13.4","variables":{"aws_region":{"value":"us-east-1"},"environment":{"value":"dev"},"project_name":{"value":"IAMDash"}},"planned_values":{"root_module":{"resources":[{"address":"aws_lambda_function.iam_dashboard_api","mode":"managed","type":"aws_lambda_function","name":"iam_dashboard_api","provider_name":"registry.terraform.io/hashicorp/aws","schema_version":0,"values":{"code_signing_config_arn":null,"dead_letter_config":[],"description":null,"environment":[],"file_system_config":[],"filename":"lambda_function.zip","function_name":"iam-dashboard-api","handler":"lambda_function.lambda_handler","image_config":[],"image_uri":null,"kms_key_arn":null,"layers":null,"memory_size":128,"package_type":"Zip","publish":false,"replace_security_groups_on_destroy":null,"replacement_security_group_ids":null,"reserved_concurrent_executions":-1,"role":"arn:aws:iam::562559071105:role/IAMDash-Developer-Dev","runtime":"python3.9","s3_bucket":null,"s3_key":null,"s3_object_version":null,"skip_destroy":false,"snap_start":[],"tags":{"Env":"dev","Project":"IAMDash"},"tags_all":{"Env":"dev","Project":"IAMDash"},"timeout":30,"timeouts":null,"vpc_config":[]},"sensitive_values":{"architectures":[],"dead_letter_config":[],"environment":[],"ephemeral_storage":[],"file_system_config":[],"image_config":[],"logging_config":[],"snap_start":[],"tags":{},"tags_all":{},"tracing_config":[],"vpc_config":[]}}]}},"resource_changes":[{"address":"aws_lambda_function.iam_dashboard_api","mode":"managed","type":"aws_lambda_function","name":"iam_dashboard_api","provider_name":"registry.terraform.io/hashicorp/aws","change":{"actions":["create"],"before":null,"after":{"code_signing_config_arn":null,"dead_letter_config":[],"description":null,"environment":[],"file_system_config":[],"filename":"lambda_function.zip","function_name":"iam-dashboard-api","handler":"lambda_function.lambda_handler","image_config":[],"image_uri":null,"kms_key_arn":null,"layers":null,"memory_size":128,"package_type":"Zip","publish":false,"replace_security_groups_on_destroy":null,"replacement_security_group_ids":null,"reserved_concurrent_executions":-1,"role":"arn:aws:iam::562559071105:role/IAMDash-Developer-Dev","runtime":"python3.9","s3_bucket":null,"s3_key":null,"s3_object_version":null,"skip_destroy":false,"snap_start":[],"tags":{"Env":"dev","Project":"IAMDash"},"tags_all":{"Env":"dev","Project":"IAMDash"},"timeout":30,"timeouts":null,"vpc_config":[]},"after_unknown":{"architectures":true,"arn":true,"code_sha256":true,"dead_letter_config":[],"environment":[],"ephemeral_storage":true,"file_system_config":[],"id":true,"image_config":[],"invoke_arn":true,"last_modified":true,"logging_config":true,"qualified_arn":true,"qualified_invoke_arn":true,"signing_job_arn":true,"signing_profile_version_arn":true,"snap_start":[],"source_code_hash":true,"source_code_size":true,"tags":{},"tags_all":{},"tracing_config":true,"version":true,"vpc_config":[]},"before_sensitive":false,"after_sensitive":{"architectures":[],"dead_letter_config":[],"environment":[],"ephemeral_storage":[],"file_system_config":[],"image_config":[],"logging_config":[],"snap_start":[],"tags":{},"tags_all":{},"tracing_config":[],"vpc_config":[]}}}],"prior_state":{"format_version":"1.0","terraform_version":"1.13.4","values":{"root_module":{"resources":[{"address":"data.aws_iam_role.existing_lambda_role","mode":"data","type":"aws_iam_role","name":"existing_lambda_role","provider_name":"registry.terraform.io/hashicorp/aws","schema_version":0,"values":{"arn":"arn:aws:iam::562559071105:role/IAMDash-Developer-Dev","assume_role_policy":"{\"Version\":\"2012-10-17\",\"Statement\":[{\"Effect\":\"Allow\",\"Principal\":{\"AWS\":[\"arn:aws:iam::562559071105:user/cyber-test\",\"arn:aws:iam::562559071105:user/cyber-Dylan\",\"arn:aws:iam::562559071105:user/cyber-Akif\",\"arn:aws:iam::562559071105:user/cyber-Dev\",\"arn:aws:iam::562559071105:user/cyber-Eloy\",\"arn:aws:iam::562559071105:user/cyber-Jake\",\"arn:aws:iam::562559071105:user/cyber-Tu\",\"arn:aws:iam::562559071105:user/cyber-Nellie\",\"arn:aws:iam::562559071105:user/cyber-Alexa\"]},\"Action\":\"sts:AssumeRole\"}]}","create_date":"2025-10-24T16:08:43Z","description":"","id":"IAMDash-Developer-Dev","max_session_duration":3600,"name":"IAMDash-Developer-Dev","path":"/","permissions_boundary":"","role_last_used":[{"last_used_date":"2025-10-28T23:15:29Z","region":"us-east-1"}],"tags":{"Environment":"dev","Project":"IAMDash","Role":"Developer"},"unique_id":"AROAYF6ZCGOA7FSL5KYZT"},"sensitive_values":{"role_last_used":[{}],"tags":{}}}]}}},"configuration":{"provider_config":{"aws":{"name":"aws","full_name":"registry.terraform.io/hashicorp/aws","version_constraint":"~\u003e 5.0","expressions":{"region":{"constant_value":"us-east-2"}}}},"root_module":{"resources":[{"address":"aws_lambda_function.iam_dashboard_api","mode":"managed","type":"aws_lambda_function","name":"iam_dashboard_api","provider_config_key":"aws","expressions":{"filename":{"constant_value":"lambda_function.zip"},"function_name":{"constant_value":"iam-dashboard-api"},"handler":{"constant_value":"lambda_function.lambda_handler"},"role":{"references":["data.aws_iam_role.existing_lambda_role.arn","data.aws_iam_role.existing_lambda_role"]},"runtime":{"constant_value":"python3.9"},"tags":{"constant_value":{"Env":"dev","Project":"IAMDash"}},"timeout":{"constant_value":30}},"schema_version":0},{"address":"data.aws_iam_role.existing_lambda_role","mode":"data","type":"aws_iam_role","name":"existing_lambda_role","provider_config_key":"aws","expressions":{"name":{"constant_value":"IAMDash-Developer-Dev"}},"schema_version":0}],"variables":{"aws_region":{"default":"us-east-1","description":"AWS region for resources"},"environment":{"default":"dev","description":"Environment name"},"project_name":{"default":"IAMDash","description":"Project name for tagging"}}}},"relevant_attributes":[{"resource":"data.aws_iam_role.existing_lambda_role","attribute":["arn"]}],"timestamp":"2025-10-28T23:28:48Z","applyable":true,"complete":true,"errored":false}
